
Microsoft Visual Studio Solution File, Format Version 12.00
# Visual Studio 14
VisualStudioVersion = 14.0.25420.1
MinimumVisualStudioVersion = 10.0.40219.1
Project("{FAE04EC0-301F-11D3-BF4B-00C04F79EFBC}") = "Numbers", "Numbers\Numbers.csproj", "{E0248130-A7B6-4917-A332-BAD9BF2AC9FC}"
EndProject
Project("{FAE04EC0-301F-11D3-BF4B-00C04F79EFBC}") = "SoftuniCoffeeOrders", "SoftuniCoffeeOrders\SoftuniCoffeeOrders.csproj", "{03AC6B76-1E67-423C-B9FC-E129C83C7DE7}"
EndProject
Project("{FAE04EC0-301F-11D3-BF4B-00C04F79EFBC}") = "FootballStandings", "FootballStandings\FootballStandings.csproj", "{434D563B-7BF0-4C84-BA9D-BA5EF328B541}"
EndProject
Project("{FAE04EC0-301F-11D3-BF4B-00C04F79EFBC}") = "RageQuit", "RageQuit\RageQuit.csproj", "{F7CB6F28-785D-4B16-88CF-C2254865368B}"
EndProject
Project("{FAE04EC0-301F-11D3-BF4B-00C04F79EFBC}") = "CommandInterpreter", "CommandInterpreter\CommandInterpreter.csproj", "{F18FC183-DD3E-40EA-A4C3-98B547769A19}"
EndProject
Global
	GlobalSection(SolutionConfigurationPlatforms) = preSolution
		Debug|Any CPU = Debug|Any CPU
		Release|Any CPU = Release|Any CPU
	EndGlobalSection
	GlobalSection(ProjectConfigurationPlatforms) = postSolution
		{E0248130-A7B6-4917-A332-BAD9BF2AC9FC}.Debug|Any CPU.ActiveCfg = Debug|Any CPU
		{E0248130-A7B6-4917-A332-BAD9BF2AC9FC}.Debug|Any CPU.Build.0 = Debug|Any CPU
		{E0248130-A7B6-4917-A332-BAD9BF2AC9FC}.Release|Any CPU.ActiveCfg = Release|Any CPU
		{E0248130-A7B6-4917-A332-BAD9BF2AC9FC}.Release|Any CPU.Build.0 = Release|Any CPU
		{03AC6B76-1E67-423C-B9FC-E129C83C7DE7}.Debug|Any CPU.ActiveCfg = Debug|Any CPU
		{03AC6B76-1E67-423C-B9FC-E129C83C7DE7}.Debug|Any CPU.Build.0 = Debug|Any CPU
		{03AC6B76-1E67-423C-B9FC-E129C83C7DE7}.Release|Any CPU.ActiveCfg = Release|Any CPU
		{03AC6B76-1E67-423C-B9FC-E129C83C7DE7}.Release|Any CPU.Build.0 = Release|Any CPU
		{434D563B-7BF0-4C84-BA9D-BA5EF328B541}.Debug|Any CPU.ActiveCfg = Debug|Any CPU
		{434D563B-7BF0-4C84-BA9D-BA5EF328B541}.Debug|Any CPU.Build.0 = Debug|Any CPU
		{434D563B-7BF0-4C84-BA9D-BA5EF328B541}.Release|Any CPU.ActiveCfg = Release|Any CPU
		{434D563B-7BF0-4C84-BA9D-BA5EF328B541}.Release|Any CPU.Build.0 = Release|Any CPU
		{F7CB6F28-785D-4B16-88CF-C2254865368B}.Debug|Any CPU.ActiveCfg = Debug|Any CPU
		{F7CB6F28-785D-4B16-88CF-C2254865368B}.Debug|Any CPU.Build.0 = Debug|Any CPU
		{F7CB6F28-785D-4B16-88CF-C2254865368B}.Release|Any CPU.ActiveCfg = Release|Any CPU
		{F7CB6F28-785D-4B16-88CF-C2254865368B}.Release|Any CPU.Build.0 = Release|Any CPU
		{F18FC183-DD3E-40EA-A4C3-98B547769A19}.Debug|Any CPU.ActiveCfg = Debug|Any CPU
		{F18FC183-DD3E-40EA-A4C3-98B547769A19}.Debug|Any CPU.Build.0 = Debug|Any CPU
		{F18FC183-DD3E-40EA-A4C3-98B547769A19}.Release|Any CPU.ActiveCfg = Release|Any CPU
		{F18FC183-DD3E-40EA-A4C3-98B547769A19}.Release|Any CPU.Build.0 = Release|Any CPU
	EndGlobalSection
	GlobalSection(SolutionProperties) = preSolution
		HideSolutionNode = FALSE
	EndGlobalSection
EndGlobal
