
Microsoft Visual Studio Solution File, Format Version 12.00
# Visual Studio 14
VisualStudioVersion = 14.0.25420.1
MinimumVisualStudioVersion = 10.0.40219.1
Project("{FAE04EC0-301F-11D3-BF4B-00C04F79EFBC}") = "SinoTheWalker", "SinoTheWalker\SinoTheWalker.csproj", "{B99F9CC8-95FC-4911-9D9E-31D496BEB329}"
EndProject
Project("{FAE04EC0-301F-11D3-BF4B-00C04F79EFBC}") = "SoftuniKaraoke", "SoftuniKaraoke\SoftuniKaraoke.csproj", "{019EF471-EE82-4176-9356-C927DE6A75AB}"
EndProject
Project("{FAE04EC0-301F-11D3-BF4B-00C04F79EFBC}") = "EnduranceRally", "EnduranceRally\EnduranceRally.csproj", "{4A036543-67F0-41E0-B7A3-8CD958B36C50}"
EndProject
Project("{FAE04EC0-301F-11D3-BF4B-00C04F79EFBC}") = "SomeTests", "SomeTests\SomeTests.csproj", "{8D02BEA3-8C12-4335-8315-E79D20D3F4A1}"
EndProject
Project("{FAE04EC0-301F-11D3-BF4B-00C04F79EFBC}") = "WinningTicket", "WinningTicket\WinningTicket.csproj", "{7E74724F-464D-42D5-BC0E-44C66CC433D5}"
EndProject
Global
	GlobalSection(SolutionConfigurationPlatforms) = preSolution
		Debug|Any CPU = Debug|Any CPU
		Release|Any CPU = Release|Any CPU
	EndGlobalSection
	GlobalSection(ProjectConfigurationPlatforms) = postSolution
		{B99F9CC8-95FC-4911-9D9E-31D496BEB329}.Debug|Any CPU.ActiveCfg = Debug|Any CPU
		{B99F9CC8-95FC-4911-9D9E-31D496BEB329}.Debug|Any CPU.Build.0 = Debug|Any CPU
		{B99F9CC8-95FC-4911-9D9E-31D496BEB329}.Release|Any CPU.ActiveCfg = Release|Any CPU
		{B99F9CC8-95FC-4911-9D9E-31D496BEB329}.Release|Any CPU.Build.0 = Release|Any CPU
		{019EF471-EE82-4176-9356-C927DE6A75AB}.Debug|Any CPU.ActiveCfg = Debug|Any CPU
		{019EF471-EE82-4176-9356-C927DE6A75AB}.Debug|Any CPU.Build.0 = Debug|Any CPU
		{019EF471-EE82-4176-9356-C927DE6A75AB}.Release|Any CPU.ActiveCfg = Release|Any CPU
		{019EF471-EE82-4176-9356-C927DE6A75AB}.Release|Any CPU.Build.0 = Release|Any CPU
		{4A036543-67F0-41E0-B7A3-8CD958B36C50}.Debug|Any CPU.ActiveCfg = Debug|Any CPU
		{4A036543-67F0-41E0-B7A3-8CD958B36C50}.Debug|Any CPU.Build.0 = Debug|Any CPU
		{4A036543-67F0-41E0-B7A3-8CD958B36C50}.Release|Any CPU.ActiveCfg = Release|Any CPU
		{4A036543-67F0-41E0-B7A3-8CD958B36C50}.Release|Any CPU.Build.0 = Release|Any CPU
		{8D02BEA3-8C12-4335-8315-E79D20D3F4A1}.Debug|Any CPU.ActiveCfg = Debug|Any CPU
		{8D02BEA3-8C12-4335-8315-E79D20D3F4A1}.Debug|Any CPU.Build.0 = Debug|Any CPU
		{8D02BEA3-8C12-4335-8315-E79D20D3F4A1}.Release|Any CPU.ActiveCfg = Release|Any CPU
		{8D02BEA3-8C12-4335-8315-E79D20D3F4A1}.Release|Any CPU.Build.0 = Release|Any CPU
		{7E74724F-464D-42D5-BC0E-44C66CC433D5}.Debug|Any CPU.ActiveCfg = Debug|Any CPU
		{7E74724F-464D-42D5-BC0E-44C66CC433D5}.Debug|Any CPU.Build.0 = Debug|Any CPU
		{7E74724F-464D-42D5-BC0E-44C66CC433D5}.Release|Any CPU.ActiveCfg = Release|Any CPU
		{7E74724F-464D-42D5-BC0E-44C66CC433D5}.Release|Any CPU.Build.0 = Release|Any CPU
	EndGlobalSection
	GlobalSection(SolutionProperties) = preSolution
		HideSolutionNode = FALSE
	EndGlobalSection
EndGlobal
