
Microsoft Visual Studio Solution File, Format Version 12.00
# Visual Studio 14
VisualStudioVersion = 14.0.25420.1
MinimumVisualStudioVersion = 10.0.40219.1
Project("{FAE04EC0-301F-11D3-BF4B-00C04F79EFBC}") = "SinoTheWalker", "SinoTheWalker\SinoTheWalker.csproj", "{B99F9CC8-95FC-4911-9D9E-31D496BEB329}"
EndProject
Project("{FAE04EC0-301F-11D3-BF4B-00C04F79EFBC}") = "SoftuniKaraoke", "SoftuniKaraoke\SoftuniKaraoke.csproj", "{019EF471-EE82-4176-9356-C927DE6A75AB}"
EndProject
Global
	GlobalSection(SolutionConfigurationPlatforms) = preSolution
		Debug|Any CPU = Debug|Any CPU
		Release|Any CPU = Release|Any CPU
	EndGlobalSection
	GlobalSection(ProjectConfigurationPlatforms) = postSolution
		{B99F9CC8-95FC-4911-9D9E-31D496BEB329}.Debug|Any CPU.ActiveCfg = Debug|Any CPU
		{B99F9CC8-95FC-4911-9D9E-31D496BEB329}.Debug|Any CPU.Build.0 = Debug|Any CPU
		{B99F9CC8-95FC-4911-9D9E-31D496BEB329}.Release|Any CPU.ActiveCfg = Release|Any CPU
		{B99F9CC8-95FC-4911-9D9E-31D496BEB329}.Release|Any CPU.Build.0 = Release|Any CPU
		{019EF471-EE82-4176-9356-C927DE6A75AB}.Debug|Any CPU.ActiveCfg = Debug|Any CPU
		{019EF471-EE82-4176-9356-C927DE6A75AB}.Debug|Any CPU.Build.0 = Debug|Any CPU
		{019EF471-EE82-4176-9356-C927DE6A75AB}.Release|Any CPU.ActiveCfg = Release|Any CPU
		{019EF471-EE82-4176-9356-C927DE6A75AB}.Release|Any CPU.Build.0 = Release|Any CPU
	EndGlobalSection
	GlobalSection(SolutionProperties) = preSolution
		HideSolutionNode = FALSE
	EndGlobalSection
EndGlobal
