
Microsoft Visual Studio Solution File, Format Version 12.00
# Visual Studio 14
VisualStudioVersion = 14.0.25420.1
MinimumVisualStudioVersion = 10.0.40219.1
Project("{FAE04EC0-301F-11D3-BF4B-00C04F79EFBC}") = "E1.CountRealNumbers", "E1.CountRealNumbers\E1.CountRealNumbers.csproj", "{B27D5BD1-FAE6-40A9-9D71-3A6CCAB305CA}"
EndProject
Project("{FAE04EC0-301F-11D3-BF4B-00C04F79EFBC}") = "E2.OddOccurrences", "E2.OddOccurrences\E2.OddOccurrences.csproj", "{FCFB1911-D542-4EE1-96FF-EF7443EB18DD}"
EndProject
Project("{FAE04EC0-301F-11D3-BF4B-00C04F79EFBC}") = "E4.Largest3Numbers", "E4.Largest3Numbers\E4.Largest3Numbers.csproj", "{9642ECDB-3A3A-4B25-8BE3-CB08F19E59A4}"
EndProject
Project("{FAE04EC0-301F-11D3-BF4B-00C04F79EFBC}") = "E5.ShortWordSorted", "E5.ShortWordSorted\E5.ShortWordSorted.csproj", "{A3D15909-E393-40FC-8FB2-D2FE71BC46E5}"
EndProject
Global
	GlobalSection(SolutionConfigurationPlatforms) = preSolution
		Debug|Any CPU = Debug|Any CPU
		Release|Any CPU = Release|Any CPU
	EndGlobalSection
	GlobalSection(ProjectConfigurationPlatforms) = postSolution
		{B27D5BD1-FAE6-40A9-9D71-3A6CCAB305CA}.Debug|Any CPU.ActiveCfg = Debug|Any CPU
		{B27D5BD1-FAE6-40A9-9D71-3A6CCAB305CA}.Debug|Any CPU.Build.0 = Debug|Any CPU
		{B27D5BD1-FAE6-40A9-9D71-3A6CCAB305CA}.Release|Any CPU.ActiveCfg = Release|Any CPU
		{B27D5BD1-FAE6-40A9-9D71-3A6CCAB305CA}.Release|Any CPU.Build.0 = Release|Any CPU
		{FCFB1911-D542-4EE1-96FF-EF7443EB18DD}.Debug|Any CPU.ActiveCfg = Debug|Any CPU
		{FCFB1911-D542-4EE1-96FF-EF7443EB18DD}.Debug|Any CPU.Build.0 = Debug|Any CPU
		{FCFB1911-D542-4EE1-96FF-EF7443EB18DD}.Release|Any CPU.ActiveCfg = Release|Any CPU
		{FCFB1911-D542-4EE1-96FF-EF7443EB18DD}.Release|Any CPU.Build.0 = Release|Any CPU
		{9642ECDB-3A3A-4B25-8BE3-CB08F19E59A4}.Debug|Any CPU.ActiveCfg = Debug|Any CPU
		{9642ECDB-3A3A-4B25-8BE3-CB08F19E59A4}.Debug|Any CPU.Build.0 = Debug|Any CPU
		{9642ECDB-3A3A-4B25-8BE3-CB08F19E59A4}.Release|Any CPU.ActiveCfg = Release|Any CPU
		{9642ECDB-3A3A-4B25-8BE3-CB08F19E59A4}.Release|Any CPU.Build.0 = Release|Any CPU
		{A3D15909-E393-40FC-8FB2-D2FE71BC46E5}.Debug|Any CPU.ActiveCfg = Debug|Any CPU
		{A3D15909-E393-40FC-8FB2-D2FE71BC46E5}.Debug|Any CPU.Build.0 = Debug|Any CPU
		{A3D15909-E393-40FC-8FB2-D2FE71BC46E5}.Release|Any CPU.ActiveCfg = Release|Any CPU
		{A3D15909-E393-40FC-8FB2-D2FE71BC46E5}.Release|Any CPU.Build.0 = Release|Any CPU
	EndGlobalSection
	GlobalSection(SolutionProperties) = preSolution
		HideSolutionNode = FALSE
	EndGlobalSection
EndGlobal
