
Microsoft Visual Studio Solution File, Format Version 12.00
# Visual Studio 14
VisualStudioVersion = 14.0.25420.1
MinimumVisualStudioVersion = 10.0.40219.1
Project("{FAE04EC0-301F-11D3-BF4B-00C04F79EFBC}") = "ArrayModifier", "ArrayModifier\ArrayModifier.csproj", "{6F0C4F07-4A52-454E-ABB2-162BE69271F4}"
EndProject
Project("{FAE04EC0-301F-11D3-BF4B-00C04F79EFBC}") = "WaterSupplies", "WaterSupplies\WaterSupplies.csproj", "{45FBA7A1-166A-40B2-AE58-45DEE97F4EA3}"
EndProject
Project("{FAE04EC0-301F-11D3-BF4B-00C04F79EFBC}") = "SoftuniKaraoke", "SoftuniKaraoke\SoftuniKaraoke.csproj", "{EC6EAF0E-1406-4C65-9E39-93F87A01FFB8}"
EndProject
Project("{FAE04EC0-301F-11D3-BF4B-00C04F79EFBC}") = "MatrixOperator", "MatrixOperator\MatrixOperator.csproj", "{1A697C12-CF89-40D8-A4D8-CAF64B18C371}"
EndProject
Project("{FAE04EC0-301F-11D3-BF4B-00C04F79EFBC}") = "RollyTheCoder", "RollyTheCoder\RollyTheCoder.csproj", "{EC1A07B7-23E7-4AA8-80F2-8A3F0D104593}"
EndProject
Project("{FAE04EC0-301F-11D3-BF4B-00C04F79EFBC}") = "SoftuniCoffeeOrders", "SoftuniCoffeeOrders\SoftuniCoffeeOrders.csproj", "{E2A9B1FB-7182-4921-8836-72B4999EBF29}"
EndProject
Project("{FAE04EC0-301F-11D3-BF4B-00C04F79EFBC}") = "CommandInterpreter", "CommandInterpreter\CommandInterpreter.csproj", "{F82D25C6-9647-41DA-9DEB-A2F69C424AC7}"
EndProject
Project("{FAE04EC0-301F-11D3-BF4B-00C04F79EFBC}") = "Files", "Files\Files.csproj", "{593E0098-3111-47D2-AFAF-7378AFB15485}"
EndProject
Global
	GlobalSection(SolutionConfigurationPlatforms) = preSolution
		Debug|Any CPU = Debug|Any CPU
		Release|Any CPU = Release|Any CPU
	EndGlobalSection
	GlobalSection(ProjectConfigurationPlatforms) = postSolution
		{6F0C4F07-4A52-454E-ABB2-162BE69271F4}.Debug|Any CPU.ActiveCfg = Debug|Any CPU
		{6F0C4F07-4A52-454E-ABB2-162BE69271F4}.Debug|Any CPU.Build.0 = Debug|Any CPU
		{6F0C4F07-4A52-454E-ABB2-162BE69271F4}.Release|Any CPU.ActiveCfg = Release|Any CPU
		{6F0C4F07-4A52-454E-ABB2-162BE69271F4}.Release|Any CPU.Build.0 = Release|Any CPU
		{45FBA7A1-166A-40B2-AE58-45DEE97F4EA3}.Debug|Any CPU.ActiveCfg = Debug|Any CPU
		{45FBA7A1-166A-40B2-AE58-45DEE97F4EA3}.Debug|Any CPU.Build.0 = Debug|Any CPU
		{45FBA7A1-166A-40B2-AE58-45DEE97F4EA3}.Release|Any CPU.ActiveCfg = Release|Any CPU
		{45FBA7A1-166A-40B2-AE58-45DEE97F4EA3}.Release|Any CPU.Build.0 = Release|Any CPU
		{EC6EAF0E-1406-4C65-9E39-93F87A01FFB8}.Debug|Any CPU.ActiveCfg = Debug|Any CPU
		{EC6EAF0E-1406-4C65-9E39-93F87A01FFB8}.Debug|Any CPU.Build.0 = Debug|Any CPU
		{EC6EAF0E-1406-4C65-9E39-93F87A01FFB8}.Release|Any CPU.ActiveCfg = Release|Any CPU
		{EC6EAF0E-1406-4C65-9E39-93F87A01FFB8}.Release|Any CPU.Build.0 = Release|Any CPU
		{1A697C12-CF89-40D8-A4D8-CAF64B18C371}.Debug|Any CPU.ActiveCfg = Debug|Any CPU
		{1A697C12-CF89-40D8-A4D8-CAF64B18C371}.Debug|Any CPU.Build.0 = Debug|Any CPU
		{1A697C12-CF89-40D8-A4D8-CAF64B18C371}.Release|Any CPU.ActiveCfg = Release|Any CPU
		{1A697C12-CF89-40D8-A4D8-CAF64B18C371}.Release|Any CPU.Build.0 = Release|Any CPU
		{EC1A07B7-23E7-4AA8-80F2-8A3F0D104593}.Debug|Any CPU.ActiveCfg = Debug|Any CPU
		{EC1A07B7-23E7-4AA8-80F2-8A3F0D104593}.Debug|Any CPU.Build.0 = Debug|Any CPU
		{EC1A07B7-23E7-4AA8-80F2-8A3F0D104593}.Release|Any CPU.ActiveCfg = Release|Any CPU
		{EC1A07B7-23E7-4AA8-80F2-8A3F0D104593}.Release|Any CPU.Build.0 = Release|Any CPU
		{E2A9B1FB-7182-4921-8836-72B4999EBF29}.Debug|Any CPU.ActiveCfg = Debug|Any CPU
		{E2A9B1FB-7182-4921-8836-72B4999EBF29}.Debug|Any CPU.Build.0 = Debug|Any CPU
		{E2A9B1FB-7182-4921-8836-72B4999EBF29}.Release|Any CPU.ActiveCfg = Release|Any CPU
		{E2A9B1FB-7182-4921-8836-72B4999EBF29}.Release|Any CPU.Build.0 = Release|Any CPU
		{F82D25C6-9647-41DA-9DEB-A2F69C424AC7}.Debug|Any CPU.ActiveCfg = Debug|Any CPU
		{F82D25C6-9647-41DA-9DEB-A2F69C424AC7}.Debug|Any CPU.Build.0 = Debug|Any CPU
		{F82D25C6-9647-41DA-9DEB-A2F69C424AC7}.Release|Any CPU.ActiveCfg = Release|Any CPU
		{F82D25C6-9647-41DA-9DEB-A2F69C424AC7}.Release|Any CPU.Build.0 = Release|Any CPU
		{593E0098-3111-47D2-AFAF-7378AFB15485}.Debug|Any CPU.ActiveCfg = Debug|Any CPU
		{593E0098-3111-47D2-AFAF-7378AFB15485}.Debug|Any CPU.Build.0 = Debug|Any CPU
		{593E0098-3111-47D2-AFAF-7378AFB15485}.Release|Any CPU.ActiveCfg = Release|Any CPU
		{593E0098-3111-47D2-AFAF-7378AFB15485}.Release|Any CPU.Build.0 = Release|Any CPU
	EndGlobalSection
	GlobalSection(SolutionProperties) = preSolution
		HideSolutionNode = FALSE
	EndGlobalSection
EndGlobal
