
Microsoft Visual Studio Solution File, Format Version 12.00
# Visual Studio 14
VisualStudioVersion = 14.0.25420.1
MinimumVisualStudioVersion = 10.0.40219.1
Project("{FAE04EC0-301F-11D3-BF4B-00C04F79EFBC}") = "1.BlankReceipt", "1.BlankReceipt\1.BlankReceipt.csproj", "{0AE25025-5A9E-4DFF-98A8-F96036D9B09F}"
EndProject
Project("{FAE04EC0-301F-11D3-BF4B-00C04F79EFBC}") = "2.SignOfInteger", "2.SignOfInteger\2.SignOfInteger.csproj", "{3DA97340-6837-49DD-93C9-002ADFA1392D}"
EndProject
Project("{FAE04EC0-301F-11D3-BF4B-00C04F79EFBC}") = "3.PrintingTriangle", "3.PrintingTriangle\3.PrintingTriangle.csproj", "{CE7AEE00-ED7F-4309-AAE6-88142904A22E}"
EndProject
Project("{FAE04EC0-301F-11D3-BF4B-00C04F79EFBC}") = "4.DrawFilledSquare", "4.DrawFilledSquare\4.DrawFilledSquare.csproj", "{83C54829-9A79-48E2-9DDD-2ACE5F9B4D4A}"
EndProject
Project("{FAE04EC0-301F-11D3-BF4B-00C04F79EFBC}") = "5.CalcTriangleArea", "5.CalcTriangleArea\5.CalcTriangleArea.csproj", "{0EBD0B7A-517F-4BCD-AEE1-68CE8688B702}"
EndProject
Project("{FAE04EC0-301F-11D3-BF4B-00C04F79EFBC}") = "6.MathPower", "6.MathPower\6.MathPower.csproj", "{853D5410-7F36-4842-95B9-757125B6309E}"
EndProject
Project("{FAE04EC0-301F-11D3-BF4B-00C04F79EFBC}") = "7.GreaterOfTwoValues", "7.GreaterOfTwoValues\7.GreaterOfTwoValues.csproj", "{355D0954-DBEF-42EC-88A4-EA1F55B24448}"
EndProject
Project("{FAE04EC0-301F-11D3-BF4B-00C04F79EFBC}") = "8.MultiplyEvensByOdds", "8.MultiplyEvensByOdds\8.MultiplyEvensByOdds.csproj", "{CDB1F3AA-47F1-4DE3-BB1D-FEB7748453E6}"
EndProject
Global
	GlobalSection(SolutionConfigurationPlatforms) = preSolution
		Debug|Any CPU = Debug|Any CPU
		Release|Any CPU = Release|Any CPU
	EndGlobalSection
	GlobalSection(ProjectConfigurationPlatforms) = postSolution
		{0AE25025-5A9E-4DFF-98A8-F96036D9B09F}.Debug|Any CPU.ActiveCfg = Debug|Any CPU
		{0AE25025-5A9E-4DFF-98A8-F96036D9B09F}.Debug|Any CPU.Build.0 = Debug|Any CPU
		{0AE25025-5A9E-4DFF-98A8-F96036D9B09F}.Release|Any CPU.ActiveCfg = Release|Any CPU
		{0AE25025-5A9E-4DFF-98A8-F96036D9B09F}.Release|Any CPU.Build.0 = Release|Any CPU
		{3DA97340-6837-49DD-93C9-002ADFA1392D}.Debug|Any CPU.ActiveCfg = Debug|Any CPU
		{3DA97340-6837-49DD-93C9-002ADFA1392D}.Debug|Any CPU.Build.0 = Debug|Any CPU
		{3DA97340-6837-49DD-93C9-002ADFA1392D}.Release|Any CPU.ActiveCfg = Release|Any CPU
		{3DA97340-6837-49DD-93C9-002ADFA1392D}.Release|Any CPU.Build.0 = Release|Any CPU
		{CE7AEE00-ED7F-4309-AAE6-88142904A22E}.Debug|Any CPU.ActiveCfg = Debug|Any CPU
		{CE7AEE00-ED7F-4309-AAE6-88142904A22E}.Debug|Any CPU.Build.0 = Debug|Any CPU
		{CE7AEE00-ED7F-4309-AAE6-88142904A22E}.Release|Any CPU.ActiveCfg = Release|Any CPU
		{CE7AEE00-ED7F-4309-AAE6-88142904A22E}.Release|Any CPU.Build.0 = Release|Any CPU
		{83C54829-9A79-48E2-9DDD-2ACE5F9B4D4A}.Debug|Any CPU.ActiveCfg = Debug|Any CPU
		{83C54829-9A79-48E2-9DDD-2ACE5F9B4D4A}.Debug|Any CPU.Build.0 = Debug|Any CPU
		{83C54829-9A79-48E2-9DDD-2ACE5F9B4D4A}.Release|Any CPU.ActiveCfg = Release|Any CPU
		{83C54829-9A79-48E2-9DDD-2ACE5F9B4D4A}.Release|Any CPU.Build.0 = Release|Any CPU
		{0EBD0B7A-517F-4BCD-AEE1-68CE8688B702}.Debug|Any CPU.ActiveCfg = Debug|Any CPU
		{0EBD0B7A-517F-4BCD-AEE1-68CE8688B702}.Debug|Any CPU.Build.0 = Debug|Any CPU
		{0EBD0B7A-517F-4BCD-AEE1-68CE8688B702}.Release|Any CPU.ActiveCfg = Release|Any CPU
		{0EBD0B7A-517F-4BCD-AEE1-68CE8688B702}.Release|Any CPU.Build.0 = Release|Any CPU
		{853D5410-7F36-4842-95B9-757125B6309E}.Debug|Any CPU.ActiveCfg = Debug|Any CPU
		{853D5410-7F36-4842-95B9-757125B6309E}.Debug|Any CPU.Build.0 = Debug|Any CPU
		{853D5410-7F36-4842-95B9-757125B6309E}.Release|Any CPU.ActiveCfg = Release|Any CPU
		{853D5410-7F36-4842-95B9-757125B6309E}.Release|Any CPU.Build.0 = Release|Any CPU
		{355D0954-DBEF-42EC-88A4-EA1F55B24448}.Debug|Any CPU.ActiveCfg = Debug|Any CPU
		{355D0954-DBEF-42EC-88A4-EA1F55B24448}.Debug|Any CPU.Build.0 = Debug|Any CPU
		{355D0954-DBEF-42EC-88A4-EA1F55B24448}.Release|Any CPU.ActiveCfg = Release|Any CPU
		{355D0954-DBEF-42EC-88A4-EA1F55B24448}.Release|Any CPU.Build.0 = Release|Any CPU
		{CDB1F3AA-47F1-4DE3-BB1D-FEB7748453E6}.Debug|Any CPU.ActiveCfg = Debug|Any CPU
		{CDB1F3AA-47F1-4DE3-BB1D-FEB7748453E6}.Debug|Any CPU.Build.0 = Debug|Any CPU
		{CDB1F3AA-47F1-4DE3-BB1D-FEB7748453E6}.Release|Any CPU.ActiveCfg = Release|Any CPU
		{CDB1F3AA-47F1-4DE3-BB1D-FEB7748453E6}.Release|Any CPU.Build.0 = Release|Any CPU
	EndGlobalSection
	GlobalSection(SolutionProperties) = preSolution
		HideSolutionNode = FALSE
	EndGlobalSection
EndGlobal
