
Microsoft Visual Studio Solution File, Format Version 12.00
# Visual Studio 14
VisualStudioVersion = 14.0.25420.1
MinimumVisualStudioVersion = 10.0.40219.1
Project("{FAE04EC0-301F-11D3-BF4B-00C04F79EFBC}") = "1.BlankReceipt", "1.BlankReceipt\1.BlankReceipt.csproj", "{0AE25025-5A9E-4DFF-98A8-F96036D9B09F}"
EndProject
Project("{FAE04EC0-301F-11D3-BF4B-00C04F79EFBC}") = "2.SignOfInteger", "2.SignOfInteger\2.SignOfInteger.csproj", "{3DA97340-6837-49DD-93C9-002ADFA1392D}"
EndProject
Project("{FAE04EC0-301F-11D3-BF4B-00C04F79EFBC}") = "3.PrintingTriangle", "3.PrintingTriangle\3.PrintingTriangle.csproj", "{CE7AEE00-ED7F-4309-AAE6-88142904A22E}"
EndProject
Project("{FAE04EC0-301F-11D3-BF4B-00C04F79EFBC}") = "4.DrawFilledSquare", "4.DrawFilledSquare\4.DrawFilledSquare.csproj", "{83C54829-9A79-48E2-9DDD-2ACE5F9B4D4A}"
EndProject
Global
	GlobalSection(SolutionConfigurationPlatforms) = preSolution
		Debug|Any CPU = Debug|Any CPU
		Release|Any CPU = Release|Any CPU
	EndGlobalSection
	GlobalSection(ProjectConfigurationPlatforms) = postSolution
		{0AE25025-5A9E-4DFF-98A8-F96036D9B09F}.Debug|Any CPU.ActiveCfg = Debug|Any CPU
		{0AE25025-5A9E-4DFF-98A8-F96036D9B09F}.Debug|Any CPU.Build.0 = Debug|Any CPU
		{0AE25025-5A9E-4DFF-98A8-F96036D9B09F}.Release|Any CPU.ActiveCfg = Release|Any CPU
		{0AE25025-5A9E-4DFF-98A8-F96036D9B09F}.Release|Any CPU.Build.0 = Release|Any CPU
		{3DA97340-6837-49DD-93C9-002ADFA1392D}.Debug|Any CPU.ActiveCfg = Debug|Any CPU
		{3DA97340-6837-49DD-93C9-002ADFA1392D}.Debug|Any CPU.Build.0 = Debug|Any CPU
		{3DA97340-6837-49DD-93C9-002ADFA1392D}.Release|Any CPU.ActiveCfg = Release|Any CPU
		{3DA97340-6837-49DD-93C9-002ADFA1392D}.Release|Any CPU.Build.0 = Release|Any CPU
		{CE7AEE00-ED7F-4309-AAE6-88142904A22E}.Debug|Any CPU.ActiveCfg = Debug|Any CPU
		{CE7AEE00-ED7F-4309-AAE6-88142904A22E}.Debug|Any CPU.Build.0 = Debug|Any CPU
		{CE7AEE00-ED7F-4309-AAE6-88142904A22E}.Release|Any CPU.ActiveCfg = Release|Any CPU
		{CE7AEE00-ED7F-4309-AAE6-88142904A22E}.Release|Any CPU.Build.0 = Release|Any CPU
		{83C54829-9A79-48E2-9DDD-2ACE5F9B4D4A}.Debug|Any CPU.ActiveCfg = Debug|Any CPU
		{83C54829-9A79-48E2-9DDD-2ACE5F9B4D4A}.Debug|Any CPU.Build.0 = Debug|Any CPU
		{83C54829-9A79-48E2-9DDD-2ACE5F9B4D4A}.Release|Any CPU.ActiveCfg = Release|Any CPU
		{83C54829-9A79-48E2-9DDD-2ACE5F9B4D4A}.Release|Any CPU.Build.0 = Release|Any CPU
	EndGlobalSection
	GlobalSection(SolutionProperties) = preSolution
		HideSolutionNode = FALSE
	EndGlobalSection
EndGlobal
