
Microsoft Visual Studio Solution File, Format Version 12.00
# Visual Studio 14
VisualStudioVersion = 14.0.25420.1
MinimumVisualStudioVersion = 10.0.40219.1
Project("{FAE04EC0-301F-11D3-BF4B-00C04F79EFBC}") = "E1.LargestCommonEnd", "E1.LargestCommonEnd\E1.LargestCommonEnd.csproj", "{68E2245E-87B9-4E1C-917F-B7DD57508A78}"
EndProject
Project("{FAE04EC0-301F-11D3-BF4B-00C04F79EFBC}") = "E2.RotateAndSum", "E2.RotateAndSum\E2.RotateAndSum.csproj", "{C0B4D364-546E-4E0F-988A-8379195AA48F}"
EndProject
Project("{FAE04EC0-301F-11D3-BF4B-00C04F79EFBC}") = "E3.FoldAndSum", "E3.FoldAndSum\E3.FoldAndSum.csproj", "{77DDD71A-4883-4421-884B-1F5EECD011CE}"
EndProject
Project("{FAE04EC0-301F-11D3-BF4B-00C04F79EFBC}") = "E4.SieveOfEratosthenes", "E4.SieveOfEratosthenes\E4.SieveOfEratosthenes.csproj", "{17A5EAF6-001A-4F1C-B032-99C44F5B46A8}"
EndProject
Project("{FAE04EC0-301F-11D3-BF4B-00C04F79EFBC}") = "E5.CompareCharArrays", "E5.CompareCharArrays\E5.CompareCharArrays.csproj", "{44C445EF-34F3-42ED-B87F-1C18E1E82B30}"
EndProject
Project("{FAE04EC0-301F-11D3-BF4B-00C04F79EFBC}") = "E6.MaxSequenceOfEqualElements", "E6.MaxSequenceOfEqualElements\E6.MaxSequenceOfEqualElements.csproj", "{A863EC18-23F1-44DF-B727-F1CC13463DF5}"
EndProject
Project("{FAE04EC0-301F-11D3-BF4B-00C04F79EFBC}") = "E7.MaxSeqOfIncreasingElemenets", "E7.MaxSeqOfIncreasingElemenets\E7.MaxSeqOfIncreasingElemenets.csproj", "{E1DE24AC-EB0B-49AF-ACA5-DC95856C5659}"
EndProject
Global
	GlobalSection(SolutionConfigurationPlatforms) = preSolution
		Debug|Any CPU = Debug|Any CPU
		Release|Any CPU = Release|Any CPU
	EndGlobalSection
	GlobalSection(ProjectConfigurationPlatforms) = postSolution
		{68E2245E-87B9-4E1C-917F-B7DD57508A78}.Debug|Any CPU.ActiveCfg = Debug|Any CPU
		{68E2245E-87B9-4E1C-917F-B7DD57508A78}.Debug|Any CPU.Build.0 = Debug|Any CPU
		{68E2245E-87B9-4E1C-917F-B7DD57508A78}.Release|Any CPU.ActiveCfg = Release|Any CPU
		{68E2245E-87B9-4E1C-917F-B7DD57508A78}.Release|Any CPU.Build.0 = Release|Any CPU
		{C0B4D364-546E-4E0F-988A-8379195AA48F}.Debug|Any CPU.ActiveCfg = Debug|Any CPU
		{C0B4D364-546E-4E0F-988A-8379195AA48F}.Debug|Any CPU.Build.0 = Debug|Any CPU
		{C0B4D364-546E-4E0F-988A-8379195AA48F}.Release|Any CPU.ActiveCfg = Release|Any CPU
		{C0B4D364-546E-4E0F-988A-8379195AA48F}.Release|Any CPU.Build.0 = Release|Any CPU
		{77DDD71A-4883-4421-884B-1F5EECD011CE}.Debug|Any CPU.ActiveCfg = Debug|Any CPU
		{77DDD71A-4883-4421-884B-1F5EECD011CE}.Debug|Any CPU.Build.0 = Debug|Any CPU
		{77DDD71A-4883-4421-884B-1F5EECD011CE}.Release|Any CPU.ActiveCfg = Release|Any CPU
		{77DDD71A-4883-4421-884B-1F5EECD011CE}.Release|Any CPU.Build.0 = Release|Any CPU
		{17A5EAF6-001A-4F1C-B032-99C44F5B46A8}.Debug|Any CPU.ActiveCfg = Debug|Any CPU
		{17A5EAF6-001A-4F1C-B032-99C44F5B46A8}.Debug|Any CPU.Build.0 = Debug|Any CPU
		{17A5EAF6-001A-4F1C-B032-99C44F5B46A8}.Release|Any CPU.ActiveCfg = Release|Any CPU
		{17A5EAF6-001A-4F1C-B032-99C44F5B46A8}.Release|Any CPU.Build.0 = Release|Any CPU
		{44C445EF-34F3-42ED-B87F-1C18E1E82B30}.Debug|Any CPU.ActiveCfg = Debug|Any CPU
		{44C445EF-34F3-42ED-B87F-1C18E1E82B30}.Debug|Any CPU.Build.0 = Debug|Any CPU
		{44C445EF-34F3-42ED-B87F-1C18E1E82B30}.Release|Any CPU.ActiveCfg = Release|Any CPU
		{44C445EF-34F3-42ED-B87F-1C18E1E82B30}.Release|Any CPU.Build.0 = Release|Any CPU
		{A863EC18-23F1-44DF-B727-F1CC13463DF5}.Debug|Any CPU.ActiveCfg = Debug|Any CPU
		{A863EC18-23F1-44DF-B727-F1CC13463DF5}.Debug|Any CPU.Build.0 = Debug|Any CPU
		{A863EC18-23F1-44DF-B727-F1CC13463DF5}.Release|Any CPU.ActiveCfg = Release|Any CPU
		{A863EC18-23F1-44DF-B727-F1CC13463DF5}.Release|Any CPU.Build.0 = Release|Any CPU
		{E1DE24AC-EB0B-49AF-ACA5-DC95856C5659}.Debug|Any CPU.ActiveCfg = Debug|Any CPU
		{E1DE24AC-EB0B-49AF-ACA5-DC95856C5659}.Debug|Any CPU.Build.0 = Debug|Any CPU
		{E1DE24AC-EB0B-49AF-ACA5-DC95856C5659}.Release|Any CPU.ActiveCfg = Release|Any CPU
		{E1DE24AC-EB0B-49AF-ACA5-DC95856C5659}.Release|Any CPU.Build.0 = Release|Any CPU
	EndGlobalSection
	GlobalSection(SolutionProperties) = preSolution
		HideSolutionNode = FALSE
	EndGlobalSection
EndGlobal
