
Microsoft Visual Studio Solution File, Format Version 12.00
# Visual Studio 14
VisualStudioVersion = 14.0.25420.1
MinimumVisualStudioVersion = 10.0.40219.1
Project("{FAE04EC0-301F-11D3-BF4B-00C04F79EFBC}") = "E1.DayOfWeek", "E1.DayOfWeek\E1.DayOfWeek.csproj", "{525FE0D9-AD83-44CC-9534-E1A47B942FCE}"
EndProject
Project("{FAE04EC0-301F-11D3-BF4B-00C04F79EFBC}") = "E2.RandomizeWords", "E2.RandomizeWords\E2.RandomizeWords.csproj", "{A8944B00-9600-41DF-A815-A7D6EC938EC0}"
EndProject
Project("{FAE04EC0-301F-11D3-BF4B-00C04F79EFBC}") = "E3.BigFactorial", "E3.BigFactorial\E3.BigFactorial.csproj", "{A81DE630-57B2-46E7-B39C-1A641B33D4E6}"
EndProject
Project("{FAE04EC0-301F-11D3-BF4B-00C04F79EFBC}") = "E4.DistanceTwoPoints", "E4.DistanceTwoPoints\E4.DistanceTwoPoints.csproj", "{A2F34FFA-8F7E-4186-8D3B-FE07D99D7092}"
EndProject
Project("{FAE04EC0-301F-11D3-BF4B-00C04F79EFBC}") = "E5.ClosestTwoPoints", "E5.ClosestTwoPoints\E5.ClosestTwoPoints.csproj", "{0315B28D-5021-46EE-9C64-9A2CCD97433E}"
EndProject
Global
	GlobalSection(SolutionConfigurationPlatforms) = preSolution
		Debug|Any CPU = Debug|Any CPU
		Release|Any CPU = Release|Any CPU
	EndGlobalSection
	GlobalSection(ProjectConfigurationPlatforms) = postSolution
		{525FE0D9-AD83-44CC-9534-E1A47B942FCE}.Debug|Any CPU.ActiveCfg = Debug|Any CPU
		{525FE0D9-AD83-44CC-9534-E1A47B942FCE}.Debug|Any CPU.Build.0 = Debug|Any CPU
		{525FE0D9-AD83-44CC-9534-E1A47B942FCE}.Release|Any CPU.ActiveCfg = Release|Any CPU
		{525FE0D9-AD83-44CC-9534-E1A47B942FCE}.Release|Any CPU.Build.0 = Release|Any CPU
		{A8944B00-9600-41DF-A815-A7D6EC938EC0}.Debug|Any CPU.ActiveCfg = Debug|Any CPU
		{A8944B00-9600-41DF-A815-A7D6EC938EC0}.Debug|Any CPU.Build.0 = Debug|Any CPU
		{A8944B00-9600-41DF-A815-A7D6EC938EC0}.Release|Any CPU.ActiveCfg = Release|Any CPU
		{A8944B00-9600-41DF-A815-A7D6EC938EC0}.Release|Any CPU.Build.0 = Release|Any CPU
		{A81DE630-57B2-46E7-B39C-1A641B33D4E6}.Debug|Any CPU.ActiveCfg = Debug|Any CPU
		{A81DE630-57B2-46E7-B39C-1A641B33D4E6}.Debug|Any CPU.Build.0 = Debug|Any CPU
		{A81DE630-57B2-46E7-B39C-1A641B33D4E6}.Release|Any CPU.ActiveCfg = Release|Any CPU
		{A81DE630-57B2-46E7-B39C-1A641B33D4E6}.Release|Any CPU.Build.0 = Release|Any CPU
		{A2F34FFA-8F7E-4186-8D3B-FE07D99D7092}.Debug|Any CPU.ActiveCfg = Debug|Any CPU
		{A2F34FFA-8F7E-4186-8D3B-FE07D99D7092}.Debug|Any CPU.Build.0 = Debug|Any CPU
		{A2F34FFA-8F7E-4186-8D3B-FE07D99D7092}.Release|Any CPU.ActiveCfg = Release|Any CPU
		{A2F34FFA-8F7E-4186-8D3B-FE07D99D7092}.Release|Any CPU.Build.0 = Release|Any CPU
		{0315B28D-5021-46EE-9C64-9A2CCD97433E}.Debug|Any CPU.ActiveCfg = Debug|Any CPU
		{0315B28D-5021-46EE-9C64-9A2CCD97433E}.Debug|Any CPU.Build.0 = Debug|Any CPU
		{0315B28D-5021-46EE-9C64-9A2CCD97433E}.Release|Any CPU.ActiveCfg = Release|Any CPU
		{0315B28D-5021-46EE-9C64-9A2CCD97433E}.Release|Any CPU.Build.0 = Release|Any CPU
	EndGlobalSection
	GlobalSection(SolutionProperties) = preSolution
		HideSolutionNode = FALSE
	EndGlobalSection
EndGlobal
